<Solution>
  <Folder Name="/samples/">
    <Project Path="samples/Cetz.Renderer.Avalonia.Sample/Cetz.Renderer.Avalonia.Sample.csproj" />
    <Project Path="samples/Cetz.Renderer.Sample/Cetz.Renderer.Sample.csproj" />
  </Folder>
  <Folder Name="/src/">
    <Project Path="src/Cetz.Renderer.Avalonia/Cetz.Renderer.Avalonia.csproj" />
    <Project Path="src/Cetz.Renderer.Core/Cetz.Renderer.Core.csproj" />
    <Project Path="src/Cetz.Renderer.Native.linux-x64/Cetz.Renderer.Native.linux-x64.csproj" />
    <Project Path="src/Cetz.Renderer.Native.win-x64/Cetz.Renderer.Native.win-x64.csproj" />
    <Project Path="src/Cetz.Renderer/Cetz.Renderer.csproj" />
  </Folder>
  <Folder Name="/tests/">
    <Project Path="tests/Cetz.Renderer.Tests/Cetz.Renderer.Tests.csproj" />
  </Folder>
</Solution>
